
Microsoft Visual Studio Solution File, Format Version 12.00
Project("{FAE04EC0-301F-11D3-BF4B-00C04F79EFBC}") = "Api", "Services/Forum/Api\Api.csproj", "{A729F076-7B92-4851-89D9-48D7B924BCA8}"
EndProject
Project("{FAE04EC0-301F-11D3-BF4B-00C04F79EFBC}") = "Domain", "Services/Forum/Domain\Domain.csproj", "{2AF124CF-7CB5-4F55-8D7F-EB108A318B67}"
EndProject
Project("{FAE04EC0-301F-11D3-BF4B-00C04F79EFBC}") = "Infrastructure", "Services/Forum/Infrastructure\Infrastructure.csproj", "{151F004B-AFD0-46AB-A78D-183D5513BB29}"
EndProject
Project("{FAE04EC0-301F-11D3-BF4B-00C04F79EFBC}") = "Application", "Services/Forum/Application\Application.csproj", "{3EA9E121-C649-497B-A585-89EAE1492747}"
EndProject
Project("{FAE04EC0-301F-11D3-BF4B-00C04F79EFBC}") = "Identity", "Services/Identity\Identity.csproj", "{5C07ECF9-9729-45D7-9003-EC6CC4784ABE}"
EndProject
Project("{2150E333-8FDC-42A3-9474-1A3956D46DE8}") = "Post", "Post", "{F8A1DE76-3ECF-4F8C-ABCD-DC0C3973B88F}"
EndProject
Project("{FAE04EC0-301F-11D3-BF4B-00C04F79EFBC}") = "BuildingBlocks", "BuildingBlocks\BuildingBlocks.csproj", "{5B108773-61CA-4CE6-BDA7-C8852F184F84}"
EndProject
Project("{2150E333-8FDC-42A3-9474-1A3956D46DE8}") = "Comment", "Comment", "{214CC2BB-79B2-4761-BF7E-F41A4CBFF692}"
EndProject
Project("{FAE04EC0-301F-11D3-BF4B-00C04F79EFBC}") = "Api", "Services/Comment/Api\Api.csproj", "{1AB43FA0-F6A6-4C0F-9C0E-9CAC30B229C4}"
EndProject
Project("{FAE04EC0-301F-11D3-BF4B-00C04F79EFBC}") = "Application", "Services/Comment/Application\Application.csproj", "{DA44BD84-89E2-4465-A74C-8ACBBFAF8838}"
EndProject
Project("{FAE04EC0-301F-11D3-BF4B-00C04F79EFBC}") = "Domain", "Services/Comment/Domain\Domain.csproj", "{ACAC36B1-F13B-4B01-9339-8DFC78E2CCB7}"
EndProject
Project("{FAE04EC0-301F-11D3-BF4B-00C04F79EFBC}") = "Infrastructure", "Services/Comment/Infrastructure\Infrastructure.csproj", "{365E4496-A16C-4D1E-B17F-72108F7BDA76}"
EndProject
Project("{2150E333-8FDC-42A3-9474-1A3956D46DE8}") = "ApiGateway", "ApiGateway", "{545232BE-602F-4A1F-8E95-01DD4FD3AA88}"
EndProject
Project("{FAE04EC0-301F-11D3-BF4B-00C04F79EFBC}") = "Api", "ApiGateways\Api\Api.csproj", "{EE5771CA-373F-4545-A585-0A4CEAE44AF5}"
EndProject
Project("{FAE04EC0-301F-11D3-BF4B-00C04F79EFBC}") = "IntegrationTest", "Services\Forum\tests\IntegrationTest\IntegrationTest.csproj", "{A17F478B-9955-4A35-8E90-F7F40FC06058}"
EndProject
Project("{FAE04EC0-301F-11D3-BF4B-00C04F79EFBC}") = "Infrastructure", "ApiGateways\Infrastructure\Infrastructure.csproj", "{83B52079-878A-4CF7-B904-643AEA52ECDB}"
EndProject
Project("{FAE04EC0-301F-11D3-BF4B-00C04F79EFBC}") = "Application", "ApiGateways\Application\Application.csproj", "{FCE9F6DF-7C70-4422-AEF8-4AD320E94BA2}"
EndProject
Project("{FAE04EC0-301F-11D3-BF4B-00C04F79EFBC}") = "IntegrationTest", "Services\Comment\tests\IntegrationTest\IntegrationTest.csproj", "{D119165E-F949-4260-8C87-596B9F3458CB}"
EndProject
Global
	GlobalSection(SolutionConfigurationPlatforms) = preSolution
		Debug|Any CPU = Debug|Any CPU
		Release|Any CPU = Release|Any CPU
	EndGlobalSection
	GlobalSection(ProjectConfigurationPlatforms) = postSolution
		{A729F076-7B92-4851-89D9-48D7B924BCA8}.Debug|Any CPU.ActiveCfg = Debug|Any CPU
		{A729F076-7B92-4851-89D9-48D7B924BCA8}.Debug|Any CPU.Build.0 = Debug|Any CPU
		{A729F076-7B92-4851-89D9-48D7B924BCA8}.Release|Any CPU.ActiveCfg = Release|Any CPU
		{A729F076-7B92-4851-89D9-48D7B924BCA8}.Release|Any CPU.Build.0 = Release|Any CPU
		{2AF124CF-7CB5-4F55-8D7F-EB108A318B67}.Debug|Any CPU.ActiveCfg = Debug|Any CPU
		{2AF124CF-7CB5-4F55-8D7F-EB108A318B67}.Debug|Any CPU.Build.0 = Debug|Any CPU
		{2AF124CF-7CB5-4F55-8D7F-EB108A318B67}.Release|Any CPU.ActiveCfg = Release|Any CPU
		{2AF124CF-7CB5-4F55-8D7F-EB108A318B67}.Release|Any CPU.Build.0 = Release|Any CPU
		{151F004B-AFD0-46AB-A78D-183D5513BB29}.Debug|Any CPU.ActiveCfg = Debug|Any CPU
		{151F004B-AFD0-46AB-A78D-183D5513BB29}.Debug|Any CPU.Build.0 = Debug|Any CPU
		{151F004B-AFD0-46AB-A78D-183D5513BB29}.Release|Any CPU.ActiveCfg = Release|Any CPU
		{151F004B-AFD0-46AB-A78D-183D5513BB29}.Release|Any CPU.Build.0 = Release|Any CPU
		{3EA9E121-C649-497B-A585-89EAE1492747}.Debug|Any CPU.ActiveCfg = Debug|Any CPU
		{3EA9E121-C649-497B-A585-89EAE1492747}.Debug|Any CPU.Build.0 = Debug|Any CPU
		{3EA9E121-C649-497B-A585-89EAE1492747}.Release|Any CPU.ActiveCfg = Release|Any CPU
		{3EA9E121-C649-497B-A585-89EAE1492747}.Release|Any CPU.Build.0 = Release|Any CPU
		{5C07ECF9-9729-45D7-9003-EC6CC4784ABE}.Debug|Any CPU.ActiveCfg = Debug|Any CPU
		{5C07ECF9-9729-45D7-9003-EC6CC4784ABE}.Debug|Any CPU.Build.0 = Debug|Any CPU
		{5C07ECF9-9729-45D7-9003-EC6CC4784ABE}.Release|Any CPU.ActiveCfg = Release|Any CPU
		{5C07ECF9-9729-45D7-9003-EC6CC4784ABE}.Release|Any CPU.Build.0 = Release|Any CPU
		{5B108773-61CA-4CE6-BDA7-C8852F184F84}.Debug|Any CPU.ActiveCfg = Debug|Any CPU
		{5B108773-61CA-4CE6-BDA7-C8852F184F84}.Debug|Any CPU.Build.0 = Debug|Any CPU
		{5B108773-61CA-4CE6-BDA7-C8852F184F84}.Release|Any CPU.ActiveCfg = Release|Any CPU
		{5B108773-61CA-4CE6-BDA7-C8852F184F84}.Release|Any CPU.Build.0 = Release|Any CPU
		{1AB43FA0-F6A6-4C0F-9C0E-9CAC30B229C4}.Debug|Any CPU.ActiveCfg = Debug|Any CPU
		{1AB43FA0-F6A6-4C0F-9C0E-9CAC30B229C4}.Debug|Any CPU.Build.0 = Debug|Any CPU
		{1AB43FA0-F6A6-4C0F-9C0E-9CAC30B229C4}.Release|Any CPU.ActiveCfg = Release|Any CPU
		{1AB43FA0-F6A6-4C0F-9C0E-9CAC30B229C4}.Release|Any CPU.Build.0 = Release|Any CPU
		{DA44BD84-89E2-4465-A74C-8ACBBFAF8838}.Debug|Any CPU.ActiveCfg = Debug|Any CPU
		{DA44BD84-89E2-4465-A74C-8ACBBFAF8838}.Debug|Any CPU.Build.0 = Debug|Any CPU
		{DA44BD84-89E2-4465-A74C-8ACBBFAF8838}.Release|Any CPU.ActiveCfg = Release|Any CPU
		{DA44BD84-89E2-4465-A74C-8ACBBFAF8838}.Release|Any CPU.Build.0 = Release|Any CPU
		{ACAC36B1-F13B-4B01-9339-8DFC78E2CCB7}.Debug|Any CPU.ActiveCfg = Debug|Any CPU
		{ACAC36B1-F13B-4B01-9339-8DFC78E2CCB7}.Debug|Any CPU.Build.0 = Debug|Any CPU
		{ACAC36B1-F13B-4B01-9339-8DFC78E2CCB7}.Release|Any CPU.ActiveCfg = Release|Any CPU
		{ACAC36B1-F13B-4B01-9339-8DFC78E2CCB7}.Release|Any CPU.Build.0 = Release|Any CPU
		{365E4496-A16C-4D1E-B17F-72108F7BDA76}.Debug|Any CPU.ActiveCfg = Debug|Any CPU
		{365E4496-A16C-4D1E-B17F-72108F7BDA76}.Debug|Any CPU.Build.0 = Debug|Any CPU
		{365E4496-A16C-4D1E-B17F-72108F7BDA76}.Release|Any CPU.ActiveCfg = Release|Any CPU
		{365E4496-A16C-4D1E-B17F-72108F7BDA76}.Release|Any CPU.Build.0 = Release|Any CPU
		{EE5771CA-373F-4545-A585-0A4CEAE44AF5}.Debug|Any CPU.ActiveCfg = Debug|Any CPU
		{EE5771CA-373F-4545-A585-0A4CEAE44AF5}.Debug|Any CPU.Build.0 = Debug|Any CPU
		{EE5771CA-373F-4545-A585-0A4CEAE44AF5}.Release|Any CPU.ActiveCfg = Release|Any CPU
		{EE5771CA-373F-4545-A585-0A4CEAE44AF5}.Release|Any CPU.Build.0 = Release|Any CPU
		{A17F478B-9955-4A35-8E90-F7F40FC06058}.Debug|Any CPU.ActiveCfg = Debug|Any CPU
		{A17F478B-9955-4A35-8E90-F7F40FC06058}.Debug|Any CPU.Build.0 = Debug|Any CPU
		{A17F478B-9955-4A35-8E90-F7F40FC06058}.Release|Any CPU.ActiveCfg = Release|Any CPU
		{A17F478B-9955-4A35-8E90-F7F40FC06058}.Release|Any CPU.Build.0 = Release|Any CPU
		{83B52079-878A-4CF7-B904-643AEA52ECDB}.Debug|Any CPU.ActiveCfg = Debug|Any CPU
		{83B52079-878A-4CF7-B904-643AEA52ECDB}.Debug|Any CPU.Build.0 = Debug|Any CPU
		{83B52079-878A-4CF7-B904-643AEA52ECDB}.Release|Any CPU.ActiveCfg = Release|Any CPU
		{83B52079-878A-4CF7-B904-643AEA52ECDB}.Release|Any CPU.Build.0 = Release|Any CPU
		{FCE9F6DF-7C70-4422-AEF8-4AD320E94BA2}.Debug|Any CPU.ActiveCfg = Debug|Any CPU
		{FCE9F6DF-7C70-4422-AEF8-4AD320E94BA2}.Debug|Any CPU.Build.0 = Debug|Any CPU
		{FCE9F6DF-7C70-4422-AEF8-4AD320E94BA2}.Release|Any CPU.ActiveCfg = Release|Any CPU
		{FCE9F6DF-7C70-4422-AEF8-4AD320E94BA2}.Release|Any CPU.Build.0 = Release|Any CPU
		{D119165E-F949-4260-8C87-596B9F3458CB}.Debug|Any CPU.ActiveCfg = Debug|Any CPU
		{D119165E-F949-4260-8C87-596B9F3458CB}.Debug|Any CPU.Build.0 = Debug|Any CPU
		{D119165E-F949-4260-8C87-596B9F3458CB}.Release|Any CPU.ActiveCfg = Release|Any CPU
		{D119165E-F949-4260-8C87-596B9F3458CB}.Release|Any CPU.Build.0 = Release|Any CPU
	EndGlobalSection
	GlobalSection(NestedProjects) = preSolution
		{A729F076-7B92-4851-89D9-48D7B924BCA8} = {F8A1DE76-3ECF-4F8C-ABCD-DC0C3973B88F}
		{3EA9E121-C649-497B-A585-89EAE1492747} = {F8A1DE76-3ECF-4F8C-ABCD-DC0C3973B88F}
		{2AF124CF-7CB5-4F55-8D7F-EB108A318B67} = {F8A1DE76-3ECF-4F8C-ABCD-DC0C3973B88F}
		{151F004B-AFD0-46AB-A78D-183D5513BB29} = {F8A1DE76-3ECF-4F8C-ABCD-DC0C3973B88F}
		{1AB43FA0-F6A6-4C0F-9C0E-9CAC30B229C4} = {214CC2BB-79B2-4761-BF7E-F41A4CBFF692}
		{DA44BD84-89E2-4465-A74C-8ACBBFAF8838} = {214CC2BB-79B2-4761-BF7E-F41A4CBFF692}
		{ACAC36B1-F13B-4B01-9339-8DFC78E2CCB7} = {214CC2BB-79B2-4761-BF7E-F41A4CBFF692}
		{365E4496-A16C-4D1E-B17F-72108F7BDA76} = {214CC2BB-79B2-4761-BF7E-F41A4CBFF692}
		{EE5771CA-373F-4545-A585-0A4CEAE44AF5} = {545232BE-602F-4A1F-8E95-01DD4FD3AA88}
		{A17F478B-9955-4A35-8E90-F7F40FC06058} = {F8A1DE76-3ECF-4F8C-ABCD-DC0C3973B88F}
		{83B52079-878A-4CF7-B904-643AEA52ECDB} = {545232BE-602F-4A1F-8E95-01DD4FD3AA88}
		{FCE9F6DF-7C70-4422-AEF8-4AD320E94BA2} = {545232BE-602F-4A1F-8E95-01DD4FD3AA88}
		{D119165E-F949-4260-8C87-596B9F3458CB} = {214CC2BB-79B2-4761-BF7E-F41A4CBFF692}
	EndGlobalSection
EndGlobal
